
Microsoft Visual Studio Solution File, Format Version 12.00
# Visual Studio 15
VisualStudioVersion = 15.0.27703.2047
MinimumVisualStudioVersion = 10.0.40219.1
Project("{8BC9CEB8-8B4A-11D0-8D11-00A0C91BC942}") = "RTS", "Code\Game\Game.vcxproj", "{B0B9793F-1950-48B0-BFD8-6881F058A0F3}"
EndProject
Project("{8BC9CEB8-8B4A-11D0-8D11-00A0C91BC942}") = "Engine", "Code\Submodule\Engine\Code\Engine\Engine.vcxproj", "{577C0342-4905-4333-A507-95B56070031A}"
EndProject
Global
	GlobalSection(SolutionConfigurationPlatforms) = preSolution
		Debug|x64 = Debug|x64
		Debug|x86 = Debug|x86
		Release|x64 = Release|x64
		Release|x86 = Release|x86
	EndGlobalSection
	GlobalSection(ProjectConfigurationPlatforms) = postSolution
		{B0B9793F-1950-48B0-BFD8-6881F058A0F3}.Debug|x64.ActiveCfg = Debug|x64
		{B0B9793F-1950-48B0-BFD8-6881F058A0F3}.Debug|x64.Build.0 = Debug|x64
		{B0B9793F-1950-48B0-BFD8-6881F058A0F3}.Debug|x86.ActiveCfg = Debug|Win32
		{B0B9793F-1950-48B0-BFD8-6881F058A0F3}.Debug|x86.Build.0 = Debug|Win32
		{B0B9793F-1950-48B0-BFD8-6881F058A0F3}.Release|x64.ActiveCfg = Release|x64
		{B0B9793F-1950-48B0-BFD8-6881F058A0F3}.Release|x64.Build.0 = Release|x64
		{B0B9793F-1950-48B0-BFD8-6881F058A0F3}.Release|x86.ActiveCfg = Release|Win32
		{B0B9793F-1950-48B0-BFD8-6881F058A0F3}.Release|x86.Build.0 = Release|Win32
		{577C0342-4905-4333-A507-95B56070031A}.Debug|x64.ActiveCfg = Debug|x64
		{577C0342-4905-4333-A507-95B56070031A}.Debug|x64.Build.0 = Debug|x64
		{577C0342-4905-4333-A507-95B56070031A}.Debug|x86.ActiveCfg = Debug|Win32
		{577C0342-4905-4333-A507-95B56070031A}.Debug|x86.Build.0 = Debug|Win32
		{577C0342-4905-4333-A507-95B56070031A}.Release|x64.ActiveCfg = Release|x64
		{577C0342-4905-4333-A507-95B56070031A}.Release|x64.Build.0 = Release|x64
		{577C0342-4905-4333-A507-95B56070031A}.Release|x86.ActiveCfg = Release|Win32
		{577C0342-4905-4333-A507-95B56070031A}.Release|x86.Build.0 = Release|Win32
	EndGlobalSection
	GlobalSection(SolutionProperties) = preSolution
		HideSolutionNode = FALSE
	EndGlobalSection
	GlobalSection(ExtensibilityGlobals) = postSolution
		SolutionGuid = {0F1F4DB7-07C2-4652-B6D3-453B3B5C830C}
	EndGlobalSection
EndGlobal
